
Microsoft Visual Studio Solution File, Format Version 12.00
# Visual Studio 15
VisualStudioVersion = 15.0.26730.3
MinimumVisualStudioVersion = 10.0.40219.1
Project("{FAE04EC0-301F-11D3-BF4B-00C04F79EFBC}") = "DroneLander.Android", "DroneLander\DroneLander.Android\DroneLander.Android.csproj", "{1BED29B3-B19B-45D1-9DB6-0E645E0E41A2}"
	ProjectSection(ProjectDependencies) = postProject
		{209FA716-A7AD-4095-BD70-C8710FC66FA7} = {209FA716-A7AD-4095-BD70-C8710FC66FA7}
	EndProjectSection
EndProject
Project("{FAE04EC0-301F-11D3-BF4B-00C04F79EFBC}") = "DroneLander", "DroneLander\DroneLander\DroneLander.csproj", "{571AF768-3F06-44F9-8009-24E602A1B54F}"
EndProject
Project("{FAE04EC0-301F-11D3-BF4B-00C04F79EFBC}") = "DroneLander.UWP", "DroneLander\DroneLander.UWP\DroneLander.UWP.csproj", "{F15BE1D5-3552-4F7D-8D17-F4292BD7D956}"
EndProject
Project("{FAE04EC0-301F-11D3-BF4B-00C04F79EFBC}") = "DroneLander.iOS", "DroneLander\DroneLander.iOS\DroneLander.iOS.csproj", "{C5EBEEEF-35F2-414B-9D23-7C2E646D4CD4}"
EndProject
Project("{FAE04EC0-301F-11D3-BF4B-00C04F79EFBC}") = "DroneLander.Backend", "..\..\..\..\Desktop\operation-remote-resupply-master\Module 5\Resources\Quick Start\DroneLander.Backend\DroneLander.Backend.csproj", "{209FA716-A7AD-4095-BD70-C8710FC66FA7}"
EndProject
Project("{FAE04EC0-301F-11D3-BF4B-00C04F79EFBC}") = "DroneLander.UITest", "DroneLander.UITest\DroneLander.UITest.csproj", "{8BADD8CB-8D08-40BF-90D3-0CB72F1028DB}"
EndProject
Global
	GlobalSection(SolutionConfigurationPlatforms) = preSolution
		Ad-Hoc|Any CPU = Ad-Hoc|Any CPU
		Ad-Hoc|ARM = Ad-Hoc|ARM
		Ad-Hoc|iPhone = Ad-Hoc|iPhone
		Ad-Hoc|iPhoneSimulator = Ad-Hoc|iPhoneSimulator
		Ad-Hoc|x64 = Ad-Hoc|x64
		Ad-Hoc|x86 = Ad-Hoc|x86
		AppStore|Any CPU = AppStore|Any CPU
		AppStore|ARM = AppStore|ARM
		AppStore|iPhone = AppStore|iPhone
		AppStore|iPhoneSimulator = AppStore|iPhoneSimulator
		AppStore|x64 = AppStore|x64
		AppStore|x86 = AppStore|x86
		Debug|Any CPU = Debug|Any CPU
		Debug|ARM = Debug|ARM
		Debug|iPhone = Debug|iPhone
		Debug|iPhoneSimulator = Debug|iPhoneSimulator
		Debug|x64 = Debug|x64
		Debug|x86 = Debug|x86
		Release|Any CPU = Release|Any CPU
		Release|ARM = Release|ARM
		Release|iPhone = Release|iPhone
		Release|iPhoneSimulator = Release|iPhoneSimulator
		Release|x64 = Release|x64
		Release|x86 = Release|x86
	EndGlobalSection
	GlobalSection(ProjectConfigurationPlatforms) = postSolution
		{1BED29B3-B19B-45D1-9DB6-0E645E0E41A2}.Ad-Hoc|Any CPU.ActiveCfg = Release|Any CPU
		{1BED29B3-B19B-45D1-9DB6-0E645E0E41A2}.Ad-Hoc|Any CPU.Build.0 = Release|Any CPU
		{1BED29B3-B19B-45D1-9DB6-0E645E0E41A2}.Ad-Hoc|Any CPU.Deploy.0 = Release|Any CPU
		{1BED29B3-B19B-45D1-9DB6-0E645E0E41A2}.Ad-Hoc|ARM.ActiveCfg = Release|Any CPU
		{1BED29B3-B19B-45D1-9DB6-0E645E0E41A2}.Ad-Hoc|ARM.Build.0 = Release|Any CPU
		{1BED29B3-B19B-45D1-9DB6-0E645E0E41A2}.Ad-Hoc|ARM.Deploy.0 = Release|Any CPU
		{1BED29B3-B19B-45D1-9DB6-0E645E0E41A2}.Ad-Hoc|iPhone.ActiveCfg = Release|Any CPU
		{1BED29B3-B19B-45D1-9DB6-0E645E0E41A2}.Ad-Hoc|iPhone.Build.0 = Release|Any CPU
		{1BED29B3-B19B-45D1-9DB6-0E645E0E41A2}.Ad-Hoc|iPhone.Deploy.0 = Release|Any CPU
		{1BED29B3-B19B-45D1-9DB6-0E645E0E41A2}.Ad-Hoc|iPhoneSimulator.ActiveCfg = Release|Any CPU
		{1BED29B3-B19B-45D1-9DB6-0E645E0E41A2}.Ad-Hoc|iPhoneSimulator.Build.0 = Release|Any CPU
		{1BED29B3-B19B-45D1-9DB6-0E645E0E41A2}.Ad-Hoc|iPhoneSimulator.Deploy.0 = Release|Any CPU
		{1BED29B3-B19B-45D1-9DB6-0E645E0E41A2}.Ad-Hoc|x64.ActiveCfg = Release|Any CPU
		{1BED29B3-B19B-45D1-9DB6-0E645E0E41A2}.Ad-Hoc|x64.Build.0 = Release|Any CPU
		{1BED29B3-B19B-45D1-9DB6-0E645E0E41A2}.Ad-Hoc|x64.Deploy.0 = Release|Any CPU
		{1BED29B3-B19B-45D1-9DB6-0E645E0E41A2}.Ad-Hoc|x86.ActiveCfg = Release|Any CPU
		{1BED29B3-B19B-45D1-9DB6-0E645E0E41A2}.Ad-Hoc|x86.Build.0 = Release|Any CPU
		{1BED29B3-B19B-45D1-9DB6-0E645E0E41A2}.Ad-Hoc|x86.Deploy.0 = Release|Any CPU
		{1BED29B3-B19B-45D1-9DB6-0E645E0E41A2}.AppStore|Any CPU.ActiveCfg = Release|Any CPU
		{1BED29B3-B19B-45D1-9DB6-0E645E0E41A2}.AppStore|Any CPU.Build.0 = Release|Any CPU
		{1BED29B3-B19B-45D1-9DB6-0E645E0E41A2}.AppStore|Any CPU.Deploy.0 = Release|Any CPU
		{1BED29B3-B19B-45D1-9DB6-0E645E0E41A2}.AppStore|ARM.ActiveCfg = Release|Any CPU
		{1BED29B3-B19B-45D1-9DB6-0E645E0E41A2}.AppStore|ARM.Build.0 = Release|Any CPU
		{1BED29B3-B19B-45D1-9DB6-0E645E0E41A2}.AppStore|ARM.Deploy.0 = Release|Any CPU
		{1BED29B3-B19B-45D1-9DB6-0E645E0E41A2}.AppStore|iPhone.ActiveCfg = Release|Any CPU
		{1BED29B3-B19B-45D1-9DB6-0E645E0E41A2}.AppStore|iPhone.Build.0 = Release|Any CPU
		{1BED29B3-B19B-45D1-9DB6-0E645E0E41A2}.AppStore|iPhone.Deploy.0 = Release|Any CPU
		{1BED29B3-B19B-45D1-9DB6-0E645E0E41A2}.AppStore|iPhoneSimulator.ActiveCfg = Release|Any CPU
		{1BED29B3-B19B-45D1-9DB6-0E645E0E41A2}.AppStore|iPhoneSimulator.Build.0 = Release|Any CPU
		{1BED29B3-B19B-45D1-9DB6-0E645E0E41A2}.AppStore|iPhoneSimulator.Deploy.0 = Release|Any CPU
		{1BED29B3-B19B-45D1-9DB6-0E645E0E41A2}.AppStore|x64.ActiveCfg = Release|Any CPU
		{1BED29B3-B19B-45D1-9DB6-0E645E0E41A2}.AppStore|x64.Build.0 = Release|Any CPU
		{1BED29B3-B19B-45D1-9DB6-0E645E0E41A2}.AppStore|x64.Deploy.0 = Release|Any CPU
		{1BED29B3-B19B-45D1-9DB6-0E645E0E41A2}.AppStore|x86.ActiveCfg = Release|Any CPU
		{1BED29B3-B19B-45D1-9DB6-0E645E0E41A2}.AppStore|x86.Build.0 = Release|Any CPU
		{1BED29B3-B19B-45D1-9DB6-0E645E0E41A2}.AppStore|x86.Deploy.0 = Release|Any CPU
		{1BED29B3-B19B-45D1-9DB6-0E645E0E41A2}.Debug|Any CPU.ActiveCfg = Debug|Any CPU
		{1BED29B3-B19B-45D1-9DB6-0E645E0E41A2}.Debug|Any CPU.Build.0 = Debug|Any CPU
		{1BED29B3-B19B-45D1-9DB6-0E645E0E41A2}.Debug|Any CPU.Deploy.0 = Debug|Any CPU
		{1BED29B3-B19B-45D1-9DB6-0E645E0E41A2}.Debug|ARM.ActiveCfg = Debug|Any CPU
		{1BED29B3-B19B-45D1-9DB6-0E645E0E41A2}.Debug|ARM.Build.0 = Debug|Any CPU
		{1BED29B3-B19B-45D1-9DB6-0E645E0E41A2}.Debug|ARM.Deploy.0 = Debug|Any CPU
		{1BED29B3-B19B-45D1-9DB6-0E645E0E41A2}.Debug|iPhone.ActiveCfg = Debug|Any CPU
		{1BED29B3-B19B-45D1-9DB6-0E645E0E41A2}.Debug|iPhone.Build.0 = Debug|Any CPU
		{1BED29B3-B19B-45D1-9DB6-0E645E0E41A2}.Debug|iPhone.Deploy.0 = Debug|Any CPU
		{1BED29B3-B19B-45D1-9DB6-0E645E0E41A2}.Debug|iPhoneSimulator.ActiveCfg = Debug|Any CPU
		{1BED29B3-B19B-45D1-9DB6-0E645E0E41A2}.Debug|iPhoneSimulator.Build.0 = Debug|Any CPU
		{1BED29B3-B19B-45D1-9DB6-0E645E0E41A2}.Debug|iPhoneSimulator.Deploy.0 = Debug|Any CPU
		{1BED29B3-B19B-45D1-9DB6-0E645E0E41A2}.Debug|x64.ActiveCfg = Debug|Any CPU
		{1BED29B3-B19B-45D1-9DB6-0E645E0E41A2}.Debug|x64.Build.0 = Debug|Any CPU
		{1BED29B3-B19B-45D1-9DB6-0E645E0E41A2}.Debug|x64.Deploy.0 = Debug|Any CPU
		{1BED29B3-B19B-45D1-9DB6-0E645E0E41A2}.Debug|x86.ActiveCfg = Debug|Any CPU
		{1BED29B3-B19B-45D1-9DB6-0E645E0E41A2}.Debug|x86.Build.0 = Debug|Any CPU
		{1BED29B3-B19B-45D1-9DB6-0E645E0E41A2}.Debug|x86.Deploy.0 = Debug|Any CPU
		{1BED29B3-B19B-45D1-9DB6-0E645E0E41A2}.Release|Any CPU.ActiveCfg = Release|Any CPU
		{1BED29B3-B19B-45D1-9DB6-0E645E0E41A2}.Release|Any CPU.Build.0 = Release|Any CPU
		{1BED29B3-B19B-45D1-9DB6-0E645E0E41A2}.Release|Any CPU.Deploy.0 = Release|Any CPU
		{1BED29B3-B19B-45D1-9DB6-0E645E0E41A2}.Release|ARM.ActiveCfg = Release|Any CPU
		{1BED29B3-B19B-45D1-9DB6-0E645E0E41A2}.Release|ARM.Build.0 = Release|Any CPU
		{1BED29B3-B19B-45D1-9DB6-0E645E0E41A2}.Release|ARM.Deploy.0 = Release|Any CPU
		{1BED29B3-B19B-45D1-9DB6-0E645E0E41A2}.Release|iPhone.ActiveCfg = Release|Any CPU
		{1BED29B3-B19B-45D1-9DB6-0E645E0E41A2}.Release|iPhone.Build.0 = Release|Any CPU
		{1BED29B3-B19B-45D1-9DB6-0E645E0E41A2}.Release|iPhone.Deploy.0 = Release|Any CPU
		{1BED29B3-B19B-45D1-9DB6-0E645E0E41A2}.Release|iPhoneSimulator.ActiveCfg = Release|Any CPU
		{1BED29B3-B19B-45D1-9DB6-0E645E0E41A2}.Release|iPhoneSimulator.Build.0 = Release|Any CPU
		{1BED29B3-B19B-45D1-9DB6-0E645E0E41A2}.Release|iPhoneSimulator.Deploy.0 = Release|Any CPU
		{1BED29B3-B19B-45D1-9DB6-0E645E0E41A2}.Release|x64.ActiveCfg = Release|Any CPU
		{1BED29B3-B19B-45D1-9DB6-0E645E0E41A2}.Release|x64.Build.0 = Release|Any CPU
		{1BED29B3-B19B-45D1-9DB6-0E645E0E41A2}.Release|x64.Deploy.0 = Release|Any CPU
		{1BED29B3-B19B-45D1-9DB6-0E645E0E41A2}.Release|x86.ActiveCfg = Release|Any CPU
		{1BED29B3-B19B-45D1-9DB6-0E645E0E41A2}.Release|x86.Build.0 = Release|Any CPU
		{1BED29B3-B19B-45D1-9DB6-0E645E0E41A2}.Release|x86.Deploy.0 = Release|Any CPU
		{571AF768-3F06-44F9-8009-24E602A1B54F}.Ad-Hoc|Any CPU.ActiveCfg = Release|Any CPU
		{571AF768-3F06-44F9-8009-24E602A1B54F}.Ad-Hoc|Any CPU.Build.0 = Release|Any CPU
		{571AF768-3F06-44F9-8009-24E602A1B54F}.Ad-Hoc|ARM.ActiveCfg = Release|Any CPU
		{571AF768-3F06-44F9-8009-24E602A1B54F}.Ad-Hoc|ARM.Build.0 = Release|Any CPU
		{571AF768-3F06-44F9-8009-24E602A1B54F}.Ad-Hoc|iPhone.ActiveCfg = Release|Any CPU
		{571AF768-3F06-44F9-8009-24E602A1B54F}.Ad-Hoc|iPhone.Build.0 = Release|Any CPU
		{571AF768-3F06-44F9-8009-24E602A1B54F}.Ad-Hoc|iPhoneSimulator.ActiveCfg = Release|Any CPU
		{571AF768-3F06-44F9-8009-24E602A1B54F}.Ad-Hoc|iPhoneSimulator.Build.0 = Release|Any CPU
		{571AF768-3F06-44F9-8009-24E602A1B54F}.Ad-Hoc|x64.ActiveCfg = Release|Any CPU
		{571AF768-3F06-44F9-8009-24E602A1B54F}.Ad-Hoc|x64.Build.0 = Release|Any CPU
		{571AF768-3F06-44F9-8009-24E602A1B54F}.Ad-Hoc|x86.ActiveCfg = Release|Any CPU
		{571AF768-3F06-44F9-8009-24E602A1B54F}.Ad-Hoc|x86.Build.0 = Release|Any CPU
		{571AF768-3F06-44F9-8009-24E602A1B54F}.AppStore|Any CPU.ActiveCfg = Release|Any CPU
		{571AF768-3F06-44F9-8009-24E602A1B54F}.AppStore|Any CPU.Build.0 = Release|Any CPU
		{571AF768-3F06-44F9-8009-24E602A1B54F}.AppStore|ARM.ActiveCfg = Release|Any CPU
		{571AF768-3F06-44F9-8009-24E602A1B54F}.AppStore|ARM.Build.0 = Release|Any CPU
		{571AF768-3F06-44F9-8009-24E602A1B54F}.AppStore|iPhone.ActiveCfg = Release|Any CPU
		{571AF768-3F06-44F9-8009-24E602A1B54F}.AppStore|iPhone.Build.0 = Release|Any CPU
		{571AF768-3F06-44F9-8009-24E602A1B54F}.AppStore|iPhoneSimulator.ActiveCfg = Release|Any CPU
		{571AF768-3F06-44F9-8009-24E602A1B54F}.AppStore|iPhoneSimulator.Build.0 = Release|Any CPU
		{571AF768-3F06-44F9-8009-24E602A1B54F}.AppStore|x64.ActiveCfg = Release|Any CPU
		{571AF768-3F06-44F9-8009-24E602A1B54F}.AppStore|x64.Build.0 = Release|Any CPU
		{571AF768-3F06-44F9-8009-24E602A1B54F}.AppStore|x86.ActiveCfg = Release|Any CPU
		{571AF768-3F06-44F9-8009-24E602A1B54F}.AppStore|x86.Build.0 = Release|Any CPU
		{571AF768-3F06-44F9-8009-24E602A1B54F}.Debug|Any CPU.ActiveCfg = Debug|Any CPU
		{571AF768-3F06-44F9-8009-24E602A1B54F}.Debug|Any CPU.Build.0 = Debug|Any CPU
		{571AF768-3F06-44F9-8009-24E602A1B54F}.Debug|ARM.ActiveCfg = Debug|Any CPU
		{571AF768-3F06-44F9-8009-24E602A1B54F}.Debug|ARM.Build.0 = Debug|Any CPU
		{571AF768-3F06-44F9-8009-24E602A1B54F}.Debug|iPhone.ActiveCfg = Debug|Any CPU
		{571AF768-3F06-44F9-8009-24E602A1B54F}.Debug|iPhone.Build.0 = Debug|Any CPU
		{571AF768-3F06-44F9-8009-24E602A1B54F}.Debug|iPhoneSimulator.ActiveCfg = Debug|Any CPU
		{571AF768-3F06-44F9-8009-24E602A1B54F}.Debug|iPhoneSimulator.Build.0 = Debug|Any CPU
		{571AF768-3F06-44F9-8009-24E602A1B54F}.Debug|x64.ActiveCfg = Debug|Any CPU
		{571AF768-3F06-44F9-8009-24E602A1B54F}.Debug|x64.Build.0 = Debug|Any CPU
		{571AF768-3F06-44F9-8009-24E602A1B54F}.Debug|x86.ActiveCfg = Debug|Any CPU
		{571AF768-3F06-44F9-8009-24E602A1B54F}.Debug|x86.Build.0 = Debug|Any CPU
		{571AF768-3F06-44F9-8009-24E602A1B54F}.Release|Any CPU.ActiveCfg = Release|Any CPU
		{571AF768-3F06-44F9-8009-24E602A1B54F}.Release|Any CPU.Build.0 = Release|Any CPU
		{571AF768-3F06-44F9-8009-24E602A1B54F}.Release|ARM.ActiveCfg = Release|Any CPU
		{571AF768-3F06-44F9-8009-24E602A1B54F}.Release|ARM.Build.0 = Release|Any CPU
		{571AF768-3F06-44F9-8009-24E602A1B54F}.Release|iPhone.ActiveCfg = Release|Any CPU
		{571AF768-3F06-44F9-8009-24E602A1B54F}.Release|iPhone.Build.0 = Release|Any CPU
		{571AF768-3F06-44F9-8009-24E602A1B54F}.Release|iPhoneSimulator.ActiveCfg = Release|Any CPU
		{571AF768-3F06-44F9-8009-24E602A1B54F}.Release|iPhoneSimulator.Build.0 = Release|Any CPU
		{571AF768-3F06-44F9-8009-24E602A1B54F}.Release|x64.ActiveCfg = Release|Any CPU
		{571AF768-3F06-44F9-8009-24E602A1B54F}.Release|x64.Build.0 = Release|Any CPU
		{571AF768-3F06-44F9-8009-24E602A1B54F}.Release|x86.ActiveCfg = Release|Any CPU
		{571AF768-3F06-44F9-8009-24E602A1B54F}.Release|x86.Build.0 = Release|Any CPU
		{F15BE1D5-3552-4F7D-8D17-F4292BD7D956}.Ad-Hoc|Any CPU.ActiveCfg = Release|x86
		{F15BE1D5-3552-4F7D-8D17-F4292BD7D956}.Ad-Hoc|Any CPU.Build.0 = Release|x86
		{F15BE1D5-3552-4F7D-8D17-F4292BD7D956}.Ad-Hoc|Any CPU.Deploy.0 = Release|x86
		{F15BE1D5-3552-4F7D-8D17-F4292BD7D956}.Ad-Hoc|ARM.ActiveCfg = Release|ARM
		{F15BE1D5-3552-4F7D-8D17-F4292BD7D956}.Ad-Hoc|ARM.Build.0 = Release|ARM
		{F15BE1D5-3552-4F7D-8D17-F4292BD7D956}.Ad-Hoc|ARM.Deploy.0 = Release|ARM
		{F15BE1D5-3552-4F7D-8D17-F4292BD7D956}.Ad-Hoc|iPhone.ActiveCfg = Release|x86
		{F15BE1D5-3552-4F7D-8D17-F4292BD7D956}.Ad-Hoc|iPhone.Build.0 = Release|x86
		{F15BE1D5-3552-4F7D-8D17-F4292BD7D956}.Ad-Hoc|iPhone.Deploy.0 = Release|x86
		{F15BE1D5-3552-4F7D-8D17-F4292BD7D956}.Ad-Hoc|iPhoneSimulator.ActiveCfg = Release|x86
		{F15BE1D5-3552-4F7D-8D17-F4292BD7D956}.Ad-Hoc|iPhoneSimulator.Build.0 = Release|x86
		{F15BE1D5-3552-4F7D-8D17-F4292BD7D956}.Ad-Hoc|iPhoneSimulator.Deploy.0 = Release|x86
		{F15BE1D5-3552-4F7D-8D17-F4292BD7D956}.Ad-Hoc|x64.ActiveCfg = Release|x64
		{F15BE1D5-3552-4F7D-8D17-F4292BD7D956}.Ad-Hoc|x64.Build.0 = Release|x64
		{F15BE1D5-3552-4F7D-8D17-F4292BD7D956}.Ad-Hoc|x64.Deploy.0 = Release|x64
		{F15BE1D5-3552-4F7D-8D17-F4292BD7D956}.Ad-Hoc|x86.ActiveCfg = Release|x86
		{F15BE1D5-3552-4F7D-8D17-F4292BD7D956}.Ad-Hoc|x86.Build.0 = Release|x86
		{F15BE1D5-3552-4F7D-8D17-F4292BD7D956}.Ad-Hoc|x86.Deploy.0 = Release|x86
		{F15BE1D5-3552-4F7D-8D17-F4292BD7D956}.AppStore|Any CPU.ActiveCfg = Release|x86
		{F15BE1D5-3552-4F7D-8D17-F4292BD7D956}.AppStore|Any CPU.Build.0 = Release|x86
		{F15BE1D5-3552-4F7D-8D17-F4292BD7D956}.AppStore|Any CPU.Deploy.0 = Release|x86
		{F15BE1D5-3552-4F7D-8D17-F4292BD7D956}.AppStore|ARM.ActiveCfg = Release|ARM
		{F15BE1D5-3552-4F7D-8D17-F4292BD7D956}.AppStore|ARM.Build.0 = Release|ARM
		{F15BE1D5-3552-4F7D-8D17-F4292BD7D956}.AppStore|ARM.Deploy.0 = Release|ARM
		{F15BE1D5-3552-4F7D-8D17-F4292BD7D956}.AppStore|iPhone.ActiveCfg = Release|x86
		{F15BE1D5-3552-4F7D-8D17-F4292BD7D956}.AppStore|iPhone.Build.0 = Release|x86
		{F15BE1D5-3552-4F7D-8D17-F4292BD7D956}.AppStore|iPhone.Deploy.0 = Release|x86
		{F15BE1D5-3552-4F7D-8D17-F4292BD7D956}.AppStore|iPhoneSimulator.ActiveCfg = Release|x86
		{F15BE1D5-3552-4F7D-8D17-F4292BD7D956}.AppStore|iPhoneSimulator.Build.0 = Release|x86
		{F15BE1D5-3552-4F7D-8D17-F4292BD7D956}.AppStore|iPhoneSimulator.Deploy.0 = Release|x86
		{F15BE1D5-3552-4F7D-8D17-F4292BD7D956}.AppStore|x64.ActiveCfg = Release|x64
		{F15BE1D5-3552-4F7D-8D17-F4292BD7D956}.AppStore|x64.Build.0 = Release|x64
		{F15BE1D5-3552-4F7D-8D17-F4292BD7D956}.AppStore|x64.Deploy.0 = Release|x64
		{F15BE1D5-3552-4F7D-8D17-F4292BD7D956}.AppStore|x86.ActiveCfg = Release|x86
		{F15BE1D5-3552-4F7D-8D17-F4292BD7D956}.AppStore|x86.Build.0 = Release|x86
		{F15BE1D5-3552-4F7D-8D17-F4292BD7D956}.AppStore|x86.Deploy.0 = Release|x86
		{F15BE1D5-3552-4F7D-8D17-F4292BD7D956}.Debug|Any CPU.ActiveCfg = Debug|x86
		{F15BE1D5-3552-4F7D-8D17-F4292BD7D956}.Debug|Any CPU.Build.0 = Debug|x86
		{F15BE1D5-3552-4F7D-8D17-F4292BD7D956}.Debug|Any CPU.Deploy.0 = Debug|x86
		{F15BE1D5-3552-4F7D-8D17-F4292BD7D956}.Debug|ARM.ActiveCfg = Debug|ARM
		{F15BE1D5-3552-4F7D-8D17-F4292BD7D956}.Debug|ARM.Build.0 = Debug|ARM
		{F15BE1D5-3552-4F7D-8D17-F4292BD7D956}.Debug|ARM.Deploy.0 = Debug|ARM
		{F15BE1D5-3552-4F7D-8D17-F4292BD7D956}.Debug|iPhone.ActiveCfg = Debug|x86
		{F15BE1D5-3552-4F7D-8D17-F4292BD7D956}.Debug|iPhoneSimulator.ActiveCfg = Debug|x86
		{F15BE1D5-3552-4F7D-8D17-F4292BD7D956}.Debug|x64.ActiveCfg = Debug|x64
		{F15BE1D5-3552-4F7D-8D17-F4292BD7D956}.Debug|x64.Build.0 = Debug|x64
		{F15BE1D5-3552-4F7D-8D17-F4292BD7D956}.Debug|x64.Deploy.0 = Debug|x64
		{F15BE1D5-3552-4F7D-8D17-F4292BD7D956}.Debug|x86.ActiveCfg = Debug|x86
		{F15BE1D5-3552-4F7D-8D17-F4292BD7D956}.Debug|x86.Build.0 = Debug|x86
		{F15BE1D5-3552-4F7D-8D17-F4292BD7D956}.Debug|x86.Deploy.0 = Debug|x86
		{F15BE1D5-3552-4F7D-8D17-F4292BD7D956}.Release|Any CPU.ActiveCfg = Release|x86
		{F15BE1D5-3552-4F7D-8D17-F4292BD7D956}.Release|Any CPU.Build.0 = Release|x86
		{F15BE1D5-3552-4F7D-8D17-F4292BD7D956}.Release|Any CPU.Deploy.0 = Release|x86
		{F15BE1D5-3552-4F7D-8D17-F4292BD7D956}.Release|ARM.ActiveCfg = Release|ARM
		{F15BE1D5-3552-4F7D-8D17-F4292BD7D956}.Release|ARM.Build.0 = Release|ARM
		{F15BE1D5-3552-4F7D-8D17-F4292BD7D956}.Release|ARM.Deploy.0 = Release|ARM
		{F15BE1D5-3552-4F7D-8D17-F4292BD7D956}.Release|iPhone.ActiveCfg = Release|x86
		{F15BE1D5-3552-4F7D-8D17-F4292BD7D956}.Release|iPhoneSimulator.ActiveCfg = Release|x86
		{F15BE1D5-3552-4F7D-8D17-F4292BD7D956}.Release|x64.ActiveCfg = Release|x64
		{F15BE1D5-3552-4F7D-8D17-F4292BD7D956}.Release|x64.Build.0 = Release|x64
		{F15BE1D5-3552-4F7D-8D17-F4292BD7D956}.Release|x64.Deploy.0 = Release|x64
		{F15BE1D5-3552-4F7D-8D17-F4292BD7D956}.Release|x86.ActiveCfg = Release|x86
		{F15BE1D5-3552-4F7D-8D17-F4292BD7D956}.Release|x86.Build.0 = Release|x86
		{F15BE1D5-3552-4F7D-8D17-F4292BD7D956}.Release|x86.Deploy.0 = Release|x86
		{C5EBEEEF-35F2-414B-9D23-7C2E646D4CD4}.Ad-Hoc|Any CPU.ActiveCfg = Ad-Hoc|iPhone
		{C5EBEEEF-35F2-414B-9D23-7C2E646D4CD4}.Ad-Hoc|ARM.ActiveCfg = Ad-Hoc|iPhone
		{C5EBEEEF-35F2-414B-9D23-7C2E646D4CD4}.Ad-Hoc|iPhone.ActiveCfg = Ad-Hoc|iPhone
		{C5EBEEEF-35F2-414B-9D23-7C2E646D4CD4}.Ad-Hoc|iPhone.Build.0 = Ad-Hoc|iPhone
		{C5EBEEEF-35F2-414B-9D23-7C2E646D4CD4}.Ad-Hoc|iPhoneSimulator.ActiveCfg = Ad-Hoc|iPhoneSimulator
		{C5EBEEEF-35F2-414B-9D23-7C2E646D4CD4}.Ad-Hoc|iPhoneSimulator.Build.0 = Ad-Hoc|iPhoneSimulator
		{C5EBEEEF-35F2-414B-9D23-7C2E646D4CD4}.Ad-Hoc|x64.ActiveCfg = Ad-Hoc|iPhone
		{C5EBEEEF-35F2-414B-9D23-7C2E646D4CD4}.Ad-Hoc|x86.ActiveCfg = Ad-Hoc|iPhone
		{C5EBEEEF-35F2-414B-9D23-7C2E646D4CD4}.AppStore|Any CPU.ActiveCfg = AppStore|iPhone
		{C5EBEEEF-35F2-414B-9D23-7C2E646D4CD4}.AppStore|ARM.ActiveCfg = AppStore|iPhone
		{C5EBEEEF-35F2-414B-9D23-7C2E646D4CD4}.AppStore|iPhone.ActiveCfg = AppStore|iPhone
		{C5EBEEEF-35F2-414B-9D23-7C2E646D4CD4}.AppStore|iPhone.Build.0 = AppStore|iPhone
		{C5EBEEEF-35F2-414B-9D23-7C2E646D4CD4}.AppStore|iPhoneSimulator.ActiveCfg = AppStore|iPhoneSimulator
		{C5EBEEEF-35F2-414B-9D23-7C2E646D4CD4}.AppStore|iPhoneSimulator.Build.0 = AppStore|iPhoneSimulator
		{C5EBEEEF-35F2-414B-9D23-7C2E646D4CD4}.AppStore|x64.ActiveCfg = AppStore|iPhone
		{C5EBEEEF-35F2-414B-9D23-7C2E646D4CD4}.AppStore|x86.ActiveCfg = AppStore|iPhone
		{C5EBEEEF-35F2-414B-9D23-7C2E646D4CD4}.Debug|Any CPU.ActiveCfg = Debug|iPhone
		{C5EBEEEF-35F2-414B-9D23-7C2E646D4CD4}.Debug|ARM.ActiveCfg = Debug|iPhone
		{C5EBEEEF-35F2-414B-9D23-7C2E646D4CD4}.Debug|iPhone.ActiveCfg = Debug|iPhone
		{C5EBEEEF-35F2-414B-9D23-7C2E646D4CD4}.Debug|iPhone.Build.0 = Debug|iPhone
		{C5EBEEEF-35F2-414B-9D23-7C2E646D4CD4}.Debug|iPhoneSimulator.ActiveCfg = Debug|iPhoneSimulator
		{C5EBEEEF-35F2-414B-9D23-7C2E646D4CD4}.Debug|iPhoneSimulator.Build.0 = Debug|iPhoneSimulator
		{C5EBEEEF-35F2-414B-9D23-7C2E646D4CD4}.Debug|x64.ActiveCfg = Debug|iPhone
		{C5EBEEEF-35F2-414B-9D23-7C2E646D4CD4}.Debug|x86.ActiveCfg = Debug|iPhone
		{C5EBEEEF-35F2-414B-9D23-7C2E646D4CD4}.Release|Any CPU.ActiveCfg = Release|iPhone
		{C5EBEEEF-35F2-414B-9D23-7C2E646D4CD4}.Release|ARM.ActiveCfg = Release|iPhone
		{C5EBEEEF-35F2-414B-9D23-7C2E646D4CD4}.Release|iPhone.ActiveCfg = Release|iPhone
		{C5EBEEEF-35F2-414B-9D23-7C2E646D4CD4}.Release|iPhone.Build.0 = Release|iPhone
		{C5EBEEEF-35F2-414B-9D23-7C2E646D4CD4}.Release|iPhoneSimulator.ActiveCfg = Release|iPhoneSimulator
		{C5EBEEEF-35F2-414B-9D23-7C2E646D4CD4}.Release|iPhoneSimulator.Build.0 = Release|iPhoneSimulator
		{C5EBEEEF-35F2-414B-9D23-7C2E646D4CD4}.Release|x64.ActiveCfg = Release|iPhone
		{C5EBEEEF-35F2-414B-9D23-7C2E646D4CD4}.Release|x86.ActiveCfg = Release|iPhone
		{209FA716-A7AD-4095-BD70-C8710FC66FA7}.Ad-Hoc|Any CPU.ActiveCfg = Release|Any CPU
		{209FA716-A7AD-4095-BD70-C8710FC66FA7}.Ad-Hoc|Any CPU.Build.0 = Release|Any CPU
		{209FA716-A7AD-4095-BD70-C8710FC66FA7}.Ad-Hoc|ARM.ActiveCfg = Release|Any CPU
		{209FA716-A7AD-4095-BD70-C8710FC66FA7}.Ad-Hoc|ARM.Build.0 = Release|Any CPU
		{209FA716-A7AD-4095-BD70-C8710FC66FA7}.Ad-Hoc|iPhone.ActiveCfg = Release|Any CPU
		{209FA716-A7AD-4095-BD70-C8710FC66FA7}.Ad-Hoc|iPhone.Build.0 = Release|Any CPU
		{209FA716-A7AD-4095-BD70-C8710FC66FA7}.Ad-Hoc|iPhoneSimulator.ActiveCfg = Release|Any CPU
		{209FA716-A7AD-4095-BD70-C8710FC66FA7}.Ad-Hoc|iPhoneSimulator.Build.0 = Release|Any CPU
		{209FA716-A7AD-4095-BD70-C8710FC66FA7}.Ad-Hoc|x64.ActiveCfg = Release|Any CPU
		{209FA716-A7AD-4095-BD70-C8710FC66FA7}.Ad-Hoc|x64.Build.0 = Release|Any CPU
		{209FA716-A7AD-4095-BD70-C8710FC66FA7}.Ad-Hoc|x86.ActiveCfg = Release|Any CPU
		{209FA716-A7AD-4095-BD70-C8710FC66FA7}.Ad-Hoc|x86.Build.0 = Release|Any CPU
		{209FA716-A7AD-4095-BD70-C8710FC66FA7}.AppStore|Any CPU.ActiveCfg = Release|Any CPU
		{209FA716-A7AD-4095-BD70-C8710FC66FA7}.AppStore|Any CPU.Build.0 = Release|Any CPU
		{209FA716-A7AD-4095-BD70-C8710FC66FA7}.AppStore|ARM.ActiveCfg = Release|Any CPU
		{209FA716-A7AD-4095-BD70-C8710FC66FA7}.AppStore|ARM.Build.0 = Release|Any CPU
		{209FA716-A7AD-4095-BD70-C8710FC66FA7}.AppStore|iPhone.ActiveCfg = Release|Any CPU
		{209FA716-A7AD-4095-BD70-C8710FC66FA7}.AppStore|iPhone.Build.0 = Release|Any CPU
		{209FA716-A7AD-4095-BD70-C8710FC66FA7}.AppStore|iPhoneSimulator.ActiveCfg = Release|Any CPU
		{209FA716-A7AD-4095-BD70-C8710FC66FA7}.AppStore|iPhoneSimulator.Build.0 = Release|Any CPU
		{209FA716-A7AD-4095-BD70-C8710FC66FA7}.AppStore|x64.ActiveCfg = Release|Any CPU
		{209FA716-A7AD-4095-BD70-C8710FC66FA7}.AppStore|x64.Build.0 = Release|Any CPU
		{209FA716-A7AD-4095-BD70-C8710FC66FA7}.AppStore|x86.ActiveCfg = Release|Any CPU
		{209FA716-A7AD-4095-BD70-C8710FC66FA7}.AppStore|x86.Build.0 = Release|Any CPU
		{209FA716-A7AD-4095-BD70-C8710FC66FA7}.Debug|Any CPU.ActiveCfg = Debug|Any CPU
		{209FA716-A7AD-4095-BD70-C8710FC66FA7}.Debug|Any CPU.Build.0 = Debug|Any CPU
		{209FA716-A7AD-4095-BD70-C8710FC66FA7}.Debug|ARM.ActiveCfg = Debug|Any CPU
		{209FA716-A7AD-4095-BD70-C8710FC66FA7}.Debug|ARM.Build.0 = Debug|Any CPU
		{209FA716-A7AD-4095-BD70-C8710FC66FA7}.Debug|iPhone.ActiveCfg = Debug|Any CPU
		{209FA716-A7AD-4095-BD70-C8710FC66FA7}.Debug|iPhone.Build.0 = Debug|Any CPU
		{209FA716-A7AD-4095-BD70-C8710FC66FA7}.Debug|iPhoneSimulator.ActiveCfg = Debug|Any CPU
		{209FA716-A7AD-4095-BD70-C8710FC66FA7}.Debug|iPhoneSimulator.Build.0 = Debug|Any CPU
		{209FA716-A7AD-4095-BD70-C8710FC66FA7}.Debug|x64.ActiveCfg = Debug|Any CPU
		{209FA716-A7AD-4095-BD70-C8710FC66FA7}.Debug|x64.Build.0 = Debug|Any CPU
		{209FA716-A7AD-4095-BD70-C8710FC66FA7}.Debug|x86.ActiveCfg = Debug|Any CPU
		{209FA716-A7AD-4095-BD70-C8710FC66FA7}.Debug|x86.Build.0 = Debug|Any CPU
		{209FA716-A7AD-4095-BD70-C8710FC66FA7}.Release|Any CPU.ActiveCfg = Release|Any CPU
		{209FA716-A7AD-4095-BD70-C8710FC66FA7}.Release|Any CPU.Build.0 = Release|Any CPU
		{209FA716-A7AD-4095-BD70-C8710FC66FA7}.Release|ARM.ActiveCfg = Release|Any CPU
		{209FA716-A7AD-4095-BD70-C8710FC66FA7}.Release|ARM.Build.0 = Release|Any CPU
		{209FA716-A7AD-4095-BD70-C8710FC66FA7}.Release|iPhone.ActiveCfg = Release|Any CPU
		{209FA716-A7AD-4095-BD70-C8710FC66FA7}.Release|iPhone.Build.0 = Release|Any CPU
		{209FA716-A7AD-4095-BD70-C8710FC66FA7}.Release|iPhoneSimulator.ActiveCfg = Release|Any CPU
		{209FA716-A7AD-4095-BD70-C8710FC66FA7}.Release|iPhoneSimulator.Build.0 = Release|Any CPU
		{209FA716-A7AD-4095-BD70-C8710FC66FA7}.Release|x64.ActiveCfg = Release|Any CPU
		{209FA716-A7AD-4095-BD70-C8710FC66FA7}.Release|x64.Build.0 = Release|Any CPU
		{209FA716-A7AD-4095-BD70-C8710FC66FA7}.Release|x86.ActiveCfg = Release|Any CPU
		{209FA716-A7AD-4095-BD70-C8710FC66FA7}.Release|x86.Build.0 = Release|Any CPU
		{8BADD8CB-8D08-40BF-90D3-0CB72F1028DB}.Ad-Hoc|Any CPU.ActiveCfg = Release|Any CPU
		{8BADD8CB-8D08-40BF-90D3-0CB72F1028DB}.Ad-Hoc|Any CPU.Build.0 = Release|Any CPU
		{8BADD8CB-8D08-40BF-90D3-0CB72F1028DB}.Ad-Hoc|ARM.ActiveCfg = Release|Any CPU
		{8BADD8CB-8D08-40BF-90D3-0CB72F1028DB}.Ad-Hoc|ARM.Build.0 = Release|Any CPU
		{8BADD8CB-8D08-40BF-90D3-0CB72F1028DB}.Ad-Hoc|iPhone.ActiveCfg = Release|Any CPU
		{8BADD8CB-8D08-40BF-90D3-0CB72F1028DB}.Ad-Hoc|iPhone.Build.0 = Release|Any CPU
		{8BADD8CB-8D08-40BF-90D3-0CB72F1028DB}.Ad-Hoc|iPhoneSimulator.ActiveCfg = Release|Any CPU
		{8BADD8CB-8D08-40BF-90D3-0CB72F1028DB}.Ad-Hoc|iPhoneSimulator.Build.0 = Release|Any CPU
		{8BADD8CB-8D08-40BF-90D3-0CB72F1028DB}.Ad-Hoc|x64.ActiveCfg = Release|Any CPU
		{8BADD8CB-8D08-40BF-90D3-0CB72F1028DB}.Ad-Hoc|x64.Build.0 = Release|Any CPU
		{8BADD8CB-8D08-40BF-90D3-0CB72F1028DB}.Ad-Hoc|x86.ActiveCfg = Release|Any CPU
		{8BADD8CB-8D08-40BF-90D3-0CB72F1028DB}.Ad-Hoc|x86.Build.0 = Release|Any CPU
		{8BADD8CB-8D08-40BF-90D3-0CB72F1028DB}.AppStore|Any CPU.ActiveCfg = Release|Any CPU
		{8BADD8CB-8D08-40BF-90D3-0CB72F1028DB}.AppStore|Any CPU.Build.0 = Release|Any CPU
		{8BADD8CB-8D08-40BF-90D3-0CB72F1028DB}.AppStore|ARM.ActiveCfg = Release|Any CPU
		{8BADD8CB-8D08-40BF-90D3-0CB72F1028DB}.AppStore|ARM.Build.0 = Release|Any CPU
		{8BADD8CB-8D08-40BF-90D3-0CB72F1028DB}.AppStore|iPhone.ActiveCfg = Release|Any CPU
		{8BADD8CB-8D08-40BF-90D3-0CB72F1028DB}.AppStore|iPhone.Build.0 = Release|Any CPU
		{8BADD8CB-8D08-40BF-90D3-0CB72F1028DB}.AppStore|iPhoneSimulator.ActiveCfg = Release|Any CPU
		{8BADD8CB-8D08-40BF-90D3-0CB72F1028DB}.AppStore|iPhoneSimulator.Build.0 = Release|Any CPU
		{8BADD8CB-8D08-40BF-90D3-0CB72F1028DB}.AppStore|x64.ActiveCfg = Release|Any CPU
		{8BADD8CB-8D08-40BF-90D3-0CB72F1028DB}.AppStore|x64.Build.0 = Release|Any CPU
		{8BADD8CB-8D08-40BF-90D3-0CB72F1028DB}.AppStore|x86.ActiveCfg = Release|Any CPU
		{8BADD8CB-8D08-40BF-90D3-0CB72F1028DB}.AppStore|x86.Build.0 = Release|Any CPU
		{8BADD8CB-8D08-40BF-90D3-0CB72F1028DB}.Debug|Any CPU.ActiveCfg = Debug|Any CPU
		{8BADD8CB-8D08-40BF-90D3-0CB72F1028DB}.Debug|Any CPU.Build.0 = Debug|Any CPU
		{8BADD8CB-8D08-40BF-90D3-0CB72F1028DB}.Debug|ARM.ActiveCfg = Debug|Any CPU
		{8BADD8CB-8D08-40BF-90D3-0CB72F1028DB}.Debug|ARM.Build.0 = Debug|Any CPU
		{8BADD8CB-8D08-40BF-90D3-0CB72F1028DB}.Debug|iPhone.ActiveCfg = Debug|Any CPU
		{8BADD8CB-8D08-40BF-90D3-0CB72F1028DB}.Debug|iPhone.Build.0 = Debug|Any CPU
		{8BADD8CB-8D08-40BF-90D3-0CB72F1028DB}.Debug|iPhoneSimulator.ActiveCfg = Debug|Any CPU
		{8BADD8CB-8D08-40BF-90D3-0CB72F1028DB}.Debug|iPhoneSimulator.Build.0 = Debug|Any CPU
		{8BADD8CB-8D08-40BF-90D3-0CB72F1028DB}.Debug|x64.ActiveCfg = Debug|Any CPU
		{8BADD8CB-8D08-40BF-90D3-0CB72F1028DB}.Debug|x64.Build.0 = Debug|Any CPU
		{8BADD8CB-8D08-40BF-90D3-0CB72F1028DB}.Debug|x86.ActiveCfg = Debug|Any CPU
		{8BADD8CB-8D08-40BF-90D3-0CB72F1028DB}.Debug|x86.Build.0 = Debug|Any CPU
		{8BADD8CB-8D08-40BF-90D3-0CB72F1028DB}.Release|Any CPU.ActiveCfg = Release|Any CPU
		{8BADD8CB-8D08-40BF-90D3-0CB72F1028DB}.Release|Any CPU.Build.0 = Release|Any CPU
		{8BADD8CB-8D08-40BF-90D3-0CB72F1028DB}.Release|ARM.ActiveCfg = Release|Any CPU
		{8BADD8CB-8D08-40BF-90D3-0CB72F1028DB}.Release|ARM.Build.0 = Release|Any CPU
		{8BADD8CB-8D08-40BF-90D3-0CB72F1028DB}.Release|iPhone.ActiveCfg = Release|Any CPU
		{8BADD8CB-8D08-40BF-90D3-0CB72F1028DB}.Release|iPhone.Build.0 = Release|Any CPU
		{8BADD8CB-8D08-40BF-90D3-0CB72F1028DB}.Release|iPhoneSimulator.ActiveCfg = Release|Any CPU
		{8BADD8CB-8D08-40BF-90D3-0CB72F1028DB}.Release|iPhoneSimulator.Build.0 = Release|Any CPU
		{8BADD8CB-8D08-40BF-90D3-0CB72F1028DB}.Release|x64.ActiveCfg = Release|Any CPU
		{8BADD8CB-8D08-40BF-90D3-0CB72F1028DB}.Release|x64.Build.0 = Release|Any CPU
		{8BADD8CB-8D08-40BF-90D3-0CB72F1028DB}.Release|x86.ActiveCfg = Release|Any CPU
		{8BADD8CB-8D08-40BF-90D3-0CB72F1028DB}.Release|x86.Build.0 = Release|Any CPU
	EndGlobalSection
	GlobalSection(SolutionProperties) = preSolution
		HideSolutionNode = FALSE
	EndGlobalSection
	GlobalSection(ExtensibilityGlobals) = postSolution
		SolutionGuid = {E940B77F-E961-4305-B4C4-C126E1545D9E}
	EndGlobalSection
EndGlobal
